{
  "requires": true,
  "lockfileVersion": 1,
  "dependencies": {
    "angular5-social-login": {
      "version": "1.0.9",
      "resolved": "https://registry.npmjs.org/angular5-social-login/-/angular5-social-login-1.0.9.tgz",
      "integrity": "sha1-bkgI2og9onPFJhjezKjCJ0FY+r8="
    },
    "angularx-social-login": {
      "version": "2.2.1",
      "resolved": "https://registry.npmjs.org/angularx-social-login/-/angularx-social-login-2.2.1.tgz",
      "integrity": "sha512-uYHuSIVK+rr3ZVAJHA6Y4OufJrFjmaMn9Gkrs+KPVEue48qepHwxztfr55oVFNasjfFly05R08xBb1sGlA+fqA==",
      "requires": {
        "typescript": "^3.5.3"
      }
    },
    "typescript": {
      "version": "3.7.5",
      "resolved": "https://registry.npmjs.org/typescript/-/typescript-3.7.5.tgz",
      "integrity": "sha512-/P5lkRXkWHNAbcJIiHPfRoKqyd7bsyCma1hZNUGfn20qm64T6ZBlrzprymeu918H+mB/0rIg2gGK/BXkhhYgBw=="
    }
  }
}
